// !$*UTF8*$!
{
	archiveVersion = 1;
	classes = {
	};
	objectVersion = 55;
	objects = {

/* Begin PBXBuildFile section */
		3E4E577827EF7E65004DD80C /* AppDelegate.swift in Sources */ = {isa = PBXBuildFile; fileRef = 3E4E577727EF7E65004DD80C /* AppDelegate.swift */; };
		3E4E577A27EF7E65004DD80C /* SceneDelegate.swift in Sources */ = {isa = PBXBuildFile; fileRef = 3E4E577927EF7E65004DD80C /* SceneDelegate.swift */; };
		3E4E577F27EF7E65004DD80C /* Main.storyboard in Resources */ = {isa = PBXBuildFile; fileRef = 3E4E577D27EF7E65004DD80C /* Main.storyboard */; };
		3E4E578127EF7E66004DD80C /* Assets.xcassets in Resources */ = {isa = PBXBuildFile; fileRef = 3E4E578027EF7E66004DD80C /* Assets.xcassets */; };
		3E4E578427EF7E66004DD80C /* LaunchScreen.storyboard in Resources */ = {isa = PBXBuildFile; fileRef = 3E4E578227EF7E66004DD80C /* LaunchScreen.storyboard */; };
		3E4E578C27EF84BB004DD80C /* MapViewController.swift in Sources */ = {isa = PBXBuildFile; fileRef = 3E4E578B27EF84BB004DD80C /* MapViewController.swift */; };
		3E4E579027EF8638004DD80C /* RestaurantsViewController.swift in Sources */ = {isa = PBXBuildFile; fileRef = 3E4E578F27EF8638004DD80C /* RestaurantsViewController.swift */; };
		3E4E579227EF8661004DD80C /* RestaurantsCell.swift in Sources */ = {isa = PBXBuildFile; fileRef = 3E4E579127EF8661004DD80C /* RestaurantsCell.swift */; };
		3E4E579427EF871D004DD80C /* Restaurant.swift in Sources */ = {isa = PBXBuildFile; fileRef = 3E4E579327EF871D004DD80C /* Restaurant.swift */; };
		3E4E579A27EF9E38004DD80C /* RestaurantData.swift in Sources */ = {isa = PBXBuildFile; fileRef = 3E4E579927EF9E38004DD80C /* RestaurantData.swift */; };
		3E4E579C27EFB216004DD80C /* FoodsViewController.swift in Sources */ = {isa = PBXBuildFile; fileRef = 3E4E579B27EFB216004DD80C /* FoodsViewController.swift */; };
		3E4E579E27EFB233004DD80C /* FoodsCell.swift in Sources */ = {isa = PBXBuildFile; fileRef = 3E4E579D27EFB233004DD80C /* FoodsCell.swift */; };
		3E4E57A027EFB851004DD80C /* Food.swift in Sources */ = {isa = PBXBuildFile; fileRef = 3E4E579F27EFB851004DD80C /* Food.swift */; };
		3E4E57A227EFB85D004DD80C /* FoodData.swift in Sources */ = {isa = PBXBuildFile; fileRef = 3E4E57A127EFB85D004DD80C /* FoodData.swift */; };
		3E4E57A427EFBA0F004DD80C /* FoodCounter.swift in Sources */ = {isa = PBXBuildFile; fileRef = 3E4E57A327EFBA0F004DD80C /* FoodCounter.swift */; };
		3E955D34E75ADBB54A07AA9F /* Pods_USFDining.framework in Frameworks */ = {isa = PBXBuildFile; fileRef = 76D211A44B0F9AEDFA89E988 /* Pods_USFDining.framework */; };
/* End PBXBuildFile section */

/* Begin PBXFileReference section */
		3E4E577427EF7E65004DD80C /* USFDining.app */ = {isa = PBXFileReference; explicitFileType = wrapper.application; includeInIndex = 0; path = USFDining.app; sourceTree = BUILT_PRODUCTS_DIR; };
		3E4E577727EF7E65004DD80C /* AppDelegate.swift */ = {isa = PBXFileReference; lastKnownFileType = sourcecode.swift; path = AppDelegate.swift; sourceTree = "<group>"; };
		3E4E577927EF7E65004DD80C /* SceneDelegate.swift */ = {isa = PBXFileReference; lastKnownFileType = sourcecode.swift; path = SceneDelegate.swift; sourceTree = "<group>"; };
		3E4E577E27EF7E65004DD80C /* Base */ = {isa = PBXFileReference; lastKnownFileType = file.storyboard; name = Base; path = Base.lproj/Main.storyboard; sourceTree = "<group>"; };
		3E4E578027EF7E66004DD80C /* Assets.xcassets */ = {isa = PBXFileReference; lastKnownFileType = folder.assetcatalog; path = Assets.xcassets; sourceTree = "<group>"; };
		3E4E578327EF7E66004DD80C /* Base */ = {isa = PBXFileReference; lastKnownFileType = file.storyboard; name = Base; path = Base.lproj/LaunchScreen.storyboard; sourceTree = "<group>"; };
		3E4E578527EF7E66004DD80C /* Info.plist */ = {isa = PBXFileReference; lastKnownFileType = text.plist.xml; path = Info.plist; sourceTree = "<group>"; };
		3E4E578B27EF84BB004DD80C /* MapViewController.swift */ = {isa = PBXFileReference; lastKnownFileType = sourcecode.swift; path = MapViewController.swift; sourceTree = "<group>"; };
		3E4E578F27EF8638004DD80C /* RestaurantsViewController.swift */ = {isa = PBXFileReference; lastKnownFileType = sourcecode.swift; path = RestaurantsViewController.swift; sourceTree = "<group>"; };
		3E4E579127EF8661004DD80C /* RestaurantsCell.swift */ = {isa = PBXFileReference; lastKnownFileType = sourcecode.swift; path = RestaurantsCell.swift; sourceTree = "<group>"; };
		3E4E579327EF871D004DD80C /* Restaurant.swift */ = {isa = PBXFileReference; lastKnownFileType = sourcecode.swift; path = Restaurant.swift; sourceTree = "<group>"; };
		3E4E579927EF9E38004DD80C /* RestaurantData.swift */ = {isa = PBXFileReference; lastKnownFileType = sourcecode.swift; path = RestaurantData.swift; sourceTree = "<group>"; };
		3E4E579B27EFB216004DD80C /* FoodsViewController.swift */ = {isa = PBXFileReference; lastKnownFileType = sourcecode.swift; path = FoodsViewController.swift; sourceTree = "<group>"; };
		3E4E579D27EFB233004DD80C /* FoodsCell.swift */ = {isa = PBXFileReference; lastKnownFileType = sourcecode.swift; path = FoodsCell.swift; sourceTree = "<group>"; };
		3E4E579F27EFB851004DD80C /* Food.swift */ = {isa = PBXFileReference; lastKnownFileType = sourcecode.swift; path = Food.swift; sourceTree = "<group>"; };
		3E4E57A127EFB85D004DD80C /* FoodData.swift */ = {isa = PBXFileReference; lastKnownFileType = sourcecode.swift; path = FoodData.swift; sourceTree = "<group>"; };
		3E4E57A327EFBA0F004DD80C /* FoodCounter.swift */ = {isa = PBXFileReference; lastKnownFileType = sourcecode.swift; path = FoodCounter.swift; sourceTree = "<group>"; };
		5293F944E04CB2D33483B83B /* Pods-USFDining.debug.xcconfig */ = {isa = PBXFileReference; includeInIndex = 1; lastKnownFileType = text.xcconfig; name = "Pods-USFDining.debug.xcconfig"; path = "Target Support Files/Pods-USFDining/Pods-USFDining.debug.xcconfig"; sourceTree = "<group>"; };
		76D211A44B0F9AEDFA89E988 /* Pods_USFDining.framework */ = {isa = PBXFileReference; explicitFileType = wrapper.framework; includeInIndex = 0; path = Pods_USFDining.framework; sourceTree = BUILT_PRODUCTS_DIR; };
		8E1D66F28F598566AE6D0571 /* Pods-USFDining.release.xcconfig */ = {isa = PBXFileReference; includeInIndex = 1; lastKnownFileType = text.xcconfig; name = "Pods-USFDining.release.xcconfig"; path = "Target Support Files/Pods-USFDining/Pods-USFDining.release.xcconfig"; sourceTree = "<group>"; };
/* End PBXFileReference section */

/* Begin PBXFrameworksBuildPhase section */
		3E4E577127EF7E65004DD80C /* Frameworks */ = {
			isa = PBXFrameworksBuildPhase;
			buildActionMask = 2147483647;
			files = (
				3E955D34E75ADBB54A07AA9F /* Pods_USFDining.framework in Frameworks */,
			);
			runOnlyForDeploymentPostprocessing = 0;
		};
/* End PBXFrameworksBuildPhase section */

/* Begin PBXGroup section */
		1EDE75943169E295C17120B2 /* Frameworks */ = {
			isa = PBXGroup;
			children = (
				76D211A44B0F9AEDFA89E988 /* Pods_USFDining.framework */,
			);
			name = Frameworks;
			sourceTree = "<group>";
		};
		3E4E576B27EF7E65004DD80C = {
			isa = PBXGroup;
			children = (
				3E4E577627EF7E65004DD80C /* USFDining */,
				3E4E577527EF7E65004DD80C /* Products */,
				9641A94EB89D7D5833D8E72B /* Pods */,
				1EDE75943169E295C17120B2 /* Frameworks */,
			);
			sourceTree = "<group>";
		};
		3E4E577527EF7E65004DD80C /* Products */ = {
			isa = PBXGroup;
			children = (
				3E4E577427EF7E65004DD80C /* USFDining.app */,
			);
			name = Products;
			sourceTree = "<group>";
		};
		3E4E577627EF7E65004DD80C /* USFDining */ = {
			isa = PBXGroup;
			children = (
				3E4E579527EF87F8004DD80C /* Model */,
				3E4E579627EF8803004DD80C /* View */,
				3E4E579727EF8808004DD80C /* Controller */,
				3E4E577927EF7E65004DD80C /* SceneDelegate.swift */,
				3E4E577727EF7E65004DD80C /* AppDelegate.swift */,
				3E4E578027EF7E66004DD80C /* Assets.xcassets */,
				3E4E578527EF7E66004DD80C /* Info.plist */,
			);
			path = USFDining;
			sourceTree = "<group>";
		};
		3E4E579527EF87F8004DD80C /* Model */ = {
			isa = PBXGroup;
			children = (
				3E4E579327EF871D004DD80C /* Restaurant.swift */,
				3E4E579927EF9E38004DD80C /* RestaurantData.swift */,
				3E4E579F27EFB851004DD80C /* Food.swift */,
				3E4E57A127EFB85D004DD80C /* FoodData.swift */,
				3E4E57A327EFBA0F004DD80C /* FoodCounter.swift */,
			);
			path = Model;
			sourceTree = "<group>";
		};
		3E4E579627EF8803004DD80C /* View */ = {
			isa = PBXGroup;
			children = (
				3E4E577D27EF7E65004DD80C /* Main.storyboard */,
				3E4E578227EF7E66004DD80C /* LaunchScreen.storyboard */,
			);
			path = View;
			sourceTree = "<group>";
		};
		3E4E579727EF8808004DD80C /* Controller */ = {
			isa = PBXGroup;
			children = (
				3E4E578B27EF84BB004DD80C /* MapViewController.swift */,
				3E4E578F27EF8638004DD80C /* RestaurantsViewController.swift */,
				3E4E579127EF8661004DD80C /* RestaurantsCell.swift */,
				3E4E579B27EFB216004DD80C /* FoodsViewController.swift */,
				3E4E579D27EFB233004DD80C /* FoodsCell.swift */,
			);
			path = Controller;
			sourceTree = "<group>";
		};
		9641A94EB89D7D5833D8E72B /* Pods */ = {
			isa = PBXGroup;
			children = (
				5293F944E04CB2D33483B83B /* Pods-USFDining.debug.xcconfig */,
				8E1D66F28F598566AE6D0571 /* Pods-USFDining.release.xcconfig */,
			);
			path = Pods;
			sourceTree = "<group>";
		};
/* End PBXGroup section */

/* Begin PBXNativeTarget section */
		3E4E577327EF7E65004DD80C /* USFDining */ = {
			isa = PBXNativeTarget;
			buildConfigurationList = 3E4E578827EF7E66004DD80C /* Build configuration list for PBXNativeTarget "USFDining" */;
			buildPhases = (
				7953A474B4D486F3CDB7652D /* [CP] Check Pods Manifest.lock */,
				3E4E577027EF7E65004DD80C /* Sources */,
				3E4E577127EF7E65004DD80C /* Frameworks */,
				3E4E577227EF7E65004DD80C /* Resources */,
				2AA70FCA9206A7F7770D7640 /* [CP] Embed Pods Frameworks */,
			);
			buildRules = (
			);
			dependencies = (
			);
			name = USFDining;
			productName = USFDining;
			productReference = 3E4E577427EF7E65004DD80C /* USFDining.app */;
			productType = "com.apple.product-type.application";
		};
/* End PBXNativeTarget section */

/* Begin PBXProject section */
		3E4E576C27EF7E65004DD80C /* Project object */ = {
			isa = PBXProject;
			attributes = {
				BuildIndependentTargetsInParallel = 1;
				LastSwiftUpdateCheck = 1330;
				LastUpgradeCheck = 1330;
				TargetAttributes = {
					3E4E577327EF7E65004DD80C = {
						CreatedOnToolsVersion = 13.3;
					};
				};
			};
			buildConfigurationList = 3E4E576F27EF7E65004DD80C /* Build configuration list for PBXProject "USFDining" */;
			compatibilityVersion = "Xcode 13.0";
			developmentRegion = en;
			hasScannedForEncodings = 0;
			knownRegions = (
				en,
				Base,
			);
			mainGroup = 3E4E576B27EF7E65004DD80C;
			productRefGroup = 3E4E577527EF7E65004DD80C /* Products */;
			projectDirPath = "";
			projectRoot = "";
			targets = (
				3E4E577327EF7E65004DD80C /* USFDining */,
			);
		};
/* End PBXProject section */

/* Begin PBXResourcesBuildPhase section */
		3E4E577227EF7E65004DD80C /* Resources */ = {
			isa = PBXResourcesBuildPhase;
			buildActionMask = 2147483647;
			files = (
				3E4E578427EF7E66004DD80C /* LaunchScreen.storyboard in Resources */,
				3E4E578127EF7E66004DD80C /* Assets.xcassets in Resources */,
				3E4E577F27EF7E65004DD80C /* Main.storyboard in Resources */,
			);
			runOnlyForDeploymentPostprocessing = 0;
		};
/* End PBXResourcesBuildPhase section */

/* Begin PBXShellScriptBuildPhase section */
		2AA70FCA9206A7F7770D7640 /* [CP] Embed Pods Frameworks */ = {
			isa = PBXShellScriptBuildPhase;
			buildActionMask = 2147483647;
			files = (
			);
			inputFileListPaths = (
				"${PODS_ROOT}/Target Support Files/Pods-USFDining/Pods-USFDining-frameworks-${CONFIGURATION}-input-files.xcfilelist",
			);
			name = "[CP] Embed Pods Frameworks";
			outputFileListPaths = (
				"${PODS_ROOT}/Target Support Files/Pods-USFDining/Pods-USFDining-frameworks-${CONFIGURATION}-output-files.xcfilelist",
			);
			runOnlyForDeploymentPostprocessing = 0;
			shellPath = /bin/sh;
			shellScript = "\"${PODS_ROOT}/Target Support Files/Pods-USFDining/Pods-USFDining-frameworks.sh\"\n";
			showEnvVarsInLog = 0;
		};
		7953A474B4D486F3CDB7652D /* [CP] Check Pods Manifest.lock */ = {
			isa = PBXShellScriptBuildPhase;
			buildActionMask = 2147483647;
			files = (
			);
			inputFileListPaths = (
			);
			inputPaths = (
				"${PODS_PODFILE_DIR_PATH}/Podfile.lock",
				"${PODS_ROOT}/Manifest.lock",
			);
			name = "[CP] Check Pods Manifest.lock";
			outputFileListPaths = (
			);
			outputPaths = (
				"$(DERIVED_FILE_DIR)/Pods-USFDining-checkManifestLockResult.txt",
			);
			runOnlyForDeploymentPostprocessing = 0;
			shellPath = /bin/sh;
			shellScript = "diff \"${PODS_PODFILE_DIR_PATH}/Podfile.lock\" \"${PODS_ROOT}/Manifest.lock\" > /dev/null\nif [ $? != 0 ] ; then\n    # print error to STDERR\n    echo \"error: The sandbox is not in sync with the Podfile.lock. Run 'pod install' or update your CocoaPods installation.\" >&2\n    exit 1\nfi\n# This output is used by Xcode 'outputs' to avoid re-running this script phase.\necho \"SUCCESS\" > \"${SCRIPT_OUTPUT_FILE_0}\"\n";
			showEnvVarsInLog = 0;
		};
/* End PBXShellScriptBuildPhase section */

/* Begin PBXSourcesBuildPhase section */
		3E4E577027EF7E65004DD80C /* Sources */ = {
			isa = PBXSourcesBuildPhase;
			buildActionMask = 2147483647;
			files = (
				3E4E579027EF8638004DD80C /* RestaurantsViewController.swift in Sources */,
				3E4E579227EF8661004DD80C /* RestaurantsCell.swift in Sources */,
				3E4E57A227EFB85D004DD80C /* FoodData.swift in Sources */,
				3E4E579E27EFB233004DD80C /* FoodsCell.swift in Sources */,
				3E4E579A27EF9E38004DD80C /* RestaurantData.swift in Sources */,
				3E4E577827EF7E65004DD80C /* AppDelegate.swift in Sources */,
				3E4E579427EF871D004DD80C /* Restaurant.swift in Sources */,
				3E4E577A27EF7E65004DD80C /* SceneDelegate.swift in Sources */,
				3E4E57A427EFBA0F004DD80C /* FoodCounter.swift in Sources */,
				3E4E57A027EFB851004DD80C /* Food.swift in Sources */,
				3E4E579C27EFB216004DD80C /* FoodsViewController.swift in Sources */,
				3E4E578C27EF84BB004DD80C /* MapViewController.swift in Sources */,
			);
			runOnlyForDeploymentPostprocessing = 0;
		};
/* End PBXSourcesBuildPhase section */

/* Begin PBXVariantGroup section */
		3E4E577D27EF7E65004DD80C /* Main.storyboard */ = {
			isa = PBXVariantGroup;
			children = (
				3E4E577E27EF7E65004DD80C /* Base */,
			);
			name = Main.storyboard;
			sourceTree = "<group>";
		};
		3E4E578227EF7E66004DD80C /* LaunchScreen.storyboard */ = {
			isa = PBXVariantGroup;
			children = (
				3E4E578327EF7E66004DD80C /* Base */,
			);
			name = LaunchScreen.storyboard;
			sourceTree = "<group>";
		};
/* End PBXVariantGroup section */

/* Begin XCBuildConfiguration section */
		3E4E578627EF7E66004DD80C /* Debug */ = {
			isa = XCBuildConfiguration;
			buildSettings = {
				ALWAYS_SEARCH_USER_PATHS = NO;
				CLANG_ANALYZER_NONNULL = YES;
				CLANG_ANALYZER_NUMBER_OBJECT_CONVERSION = YES_AGGRESSIVE;
				CLANG_CXX_LANGUAGE_STANDARD = "gnu++17";
				CLANG_ENABLE_MODULES = YES;
				CLANG_ENABLE_OBJC_ARC = YES;
				CLANG_ENABLE_OBJC_WEAK = YES;
				CLANG_WARN_BLOCK_CAPTURE_AUTORELEASING = YES;
				CLANG_WARN_BOOL_CONVERSION = YES;
				CLANG_WARN_COMMA = YES;
				CLANG_WARN_CONSTANT_CONVERSION = YES;
				CLANG_WARN_DEPRECATED_OBJC_IMPLEMENTATIONS = YES;
				CLANG_WARN_DIRECT_OBJC_ISA_USAGE = YES_ERROR;
				CLANG_WARN_DOCUMENTATION_COMMENTS = YES;
				CLANG_WARN_EMPTY_BODY = YES;
				CLANG_WARN_ENUM_CONVERSION = YES;
				CLANG_WARN_INFINITE_RECURSION = YES;
				CLANG_WARN_INT_CONVERSION = YES;
				CLANG_WARN_NON_LITERAL_NULL_CONVERSION = YES;
				CLANG_WARN_OBJC_IMPLICIT_RETAIN_SELF = YES;
				CLANG_WARN_OBJC_LITERAL_CONVERSION = YES;
				CLANG_WARN_OBJC_ROOT_CLASS = YES_ERROR;
				CLANG_WARN_QUOTED_INCLUDE_IN_FRAMEWORK_HEADER = YES;
				CLANG_WARN_RANGE_LOOP_ANALYSIS = YES;
				CLANG_WARN_STRICT_PROTOTYPES = YES;
				CLANG_WARN_SUSPICIOUS_MOVE = YES;
				CLANG_WARN_UNGUARDED_AVAILABILITY = YES_AGGRESSIVE;
				CLANG_WARN_UNREACHABLE_CODE = YES;
				CLANG_WARN__DUPLICATE_METHOD_MATCH = YES;
				COPY_PHASE_STRIP = NO;
				DEBUG_INFORMATION_FORMAT = dwarf;
				ENABLE_STRICT_OBJC_MSGSEND = YES;
				ENABLE_TESTABILITY = YES;
				GCC_C_LANGUAGE_STANDARD = gnu11;
				GCC_DYNAMIC_NO_PIC = NO;
				GCC_NO_COMMON_BLOCKS = YES;
				GCC_OPTIMIZATION_LEVEL = 0;
				GCC_PREPROCESSOR_DEFINITIONS = (
					"DEBUG=1",
					"$(inherited)",
				);
				GCC_WARN_64_TO_32_BIT_CONVERSION = YES;
				GCC_WARN_ABOUT_RETURN_TYPE = YES_ERROR;
				GCC_WARN_UNDECLARED_SELECTOR = YES;
				GCC_WARN_UNINITIALIZED_AUTOS = YES_AGGRESSIVE;
				GCC_WARN_UNUSED_FUNCTION = YES;
				GCC_WARN_UNUSED_VARIABLE = YES;
				IPHONEOS_DEPLOYMENT_TARGET = 15.4;
				MTL_ENABLE_DEBUG_INFO = INCLUDE_SOURCE;
				MTL_FAST_MATH = YES;
				ONLY_ACTIVE_ARCH = YES;
				SDKROOT = iphoneos;
				SWIFT_ACTIVE_COMPILATION_CONDITIONS = DEBUG;
				SWIFT_OPTIMIZATION_LEVEL = "-Onone";
			};
			name = Debug;
		};
		3E4E578727EF7E66004DD80C /* Release */ = {
			isa = XCBuildConfiguration;
			buildSettings = {
				ALWAYS_SEARCH_USER_PATHS = NO;
				CLANG_ANALYZER_NONNULL = YES;
				CLANG_ANALYZER_NUMBER_OBJECT_CONVERSION = YES_AGGRESSIVE;
				CLANG_CXX_LANGUAGE_STANDARD = "gnu++17";
				CLANG_ENABLE_MODULES = YES;
				CLANG_ENABLE_OBJC_ARC = YES;
				CLANG_ENABLE_OBJC_WEAK = YES;
				CLANG_WARN_BLOCK_CAPTURE_AUTORELEASING = YES;
				CLANG_WARN_BOOL_CONVERSION = YES;
				CLANG_WARN_COMMA = YES;
				CLANG_WARN_CONSTANT_CONVERSION = YES;
				CLANG_WARN_DEPRECATED_OBJC_IMPLEMENTATIONS = YES;
				CLANG_WARN_DIRECT_OBJC_ISA_USAGE = YES_ERROR;
				CLANG_WARN_DOCUMENTATION_COMMENTS = YES;
				CLANG_WARN_EMPTY_BODY = YES;
				CLANG_WARN_ENUM_CONVERSION = YES;
				CLANG_WARN_INFINITE_RECURSION = YES;
				CLANG_WARN_INT_CONVERSION = YES;
				CLANG_WARN_NON_LITERAL_NULL_CONVERSION = YES;
				CLANG_WARN_OBJC_IMPLICIT_RETAIN_SELF = YES;
				CLANG_WARN_OBJC_LITERAL_CONVERSION = YES;
				CLANG_WARN_OBJC_ROOT_CLASS = YES_ERROR;
				CLANG_WARN_QUOTED_INCLUDE_IN_FRAMEWORK_HEADER = YES;
				CLANG_WARN_RANGE_LOOP_ANALYSIS = YES;
				CLANG_WARN_STRICT_PROTOTYPES = YES;
				CLANG_WARN_SUSPICIOUS_MOVE = YES;
				CLANG_WARN_UNGUARDED_AVAILABILITY = YES_AGGRESSIVE;
				CLANG_WARN_UNREACHABLE_CODE = YES;
				CLANG_WARN__DUPLICATE_METHOD_MATCH = YES;
				COPY_PHASE_STRIP = NO;
				DEBUG_INFORMATION_FORMAT = "dwarf-with-dsym";
				ENABLE_NS_ASSERTIONS = NO;
				ENABLE_STRICT_OBJC_MSGSEND = YES;
				GCC_C_LANGUAGE_STANDARD = gnu11;
				GCC_NO_COMMON_BLOCKS = YES;
				GCC_WARN_64_TO_32_BIT_CONVERSION = YES;
				GCC_WARN_ABOUT_RETURN_TYPE = YES_ERROR;
				GCC_WARN_UNDECLARED_SELECTOR = YES;
				GCC_WARN_UNINITIALIZED_AUTOS = YES_AGGRESSIVE;
				GCC_WARN_UNUSED_FUNCTION = YES;
				GCC_WARN_UNUSED_VARIABLE = YES;
				IPHONEOS_DEPLOYMENT_TARGET = 15.4;
				MTL_ENABLE_DEBUG_INFO = NO;
				MTL_FAST_MATH = YES;
				SDKROOT = iphoneos;
				SWIFT_COMPILATION_MODE = wholemodule;
				SWIFT_OPTIMIZATION_LEVEL = "-O";
				VALIDATE_PRODUCT = YES;
			};
			name = Release;
		};
		3E4E578927EF7E66004DD80C /* Debug */ = {
			isa = XCBuildConfiguration;
			baseConfigurationReference = 5293F944E04CB2D33483B83B /* Pods-USFDining.debug.xcconfig */;
			buildSettings = {
				ASSETCATALOG_COMPILER_APPICON_NAME = AppIcon;
				ASSETCATALOG_COMPILER_GLOBAL_ACCENT_COLOR_NAME = AccentColor;
				CODE_SIGN_STYLE = Automatic;
				CURRENT_PROJECT_VERSION = 1;
				GENERATE_INFOPLIST_FILE = YES;
				INFOPLIST_FILE = USFDining/Info.plist;
				INFOPLIST_KEY_UIApplicationSupportsIndirectInputEvents = YES;
				INFOPLIST_KEY_UILaunchStoryboardName = LaunchScreen;
				INFOPLIST_KEY_UIMainStoryboardFile = Main;
				INFOPLIST_KEY_UISupportedInterfaceOrientations_iPad = "UIInterfaceOrientationPortrait UIInterfaceOrientationPortraitUpsideDown UIInterfaceOrientationLandscapeLeft UIInterfaceOrientationLandscapeRight";
				INFOPLIST_KEY_UISupportedInterfaceOrientations_iPhone = "UIInterfaceOrientationPortrait UIInterfaceOrientationLandscapeLeft UIInterfaceOrientationLandscapeRight";
				LD_RUNPATH_SEARCH_PATHS = (
					"$(inherited)",
					"@executable_path/Frameworks",
				);
				MARKETING_VERSION = 1.0;
				PRODUCT_BUNDLE_IDENTIFIER = com.mattandbeck.USFDining;
				PRODUCT_NAME = "$(TARGET_NAME)";
				SWIFT_EMIT_LOC_STRINGS = YES;
				SWIFT_VERSION = 5.0;
				TARGETED_DEVICE_FAMILY = "1,2";
			};
			name = Debug;
		};
		3E4E578A27EF7E66004DD80C /* Release */ = {
			isa = XCBuildConfiguration;
			baseConfigurationReference = 8E1D66F28F598566AE6D0571 /* Pods-USFDining.release.xcconfig */;
			buildSettings = {
				ASSETCATALOG_COMPILER_APPICON_NAME = AppIcon;
				ASSETCATALOG_COMPILER_GLOBAL_ACCENT_COLOR_NAME = AccentColor;
				CODE_SIGN_STYLE = Automatic;
				CURRENT_PROJECT_VERSION = 1;
				GENERATE_INFOPLIST_FILE = YES;
				INFOPLIST_FILE = USFDining/Info.plist;
				INFOPLIST_KEY_UIApplicationSupportsIndirectInputEvents = YES;
				INFOPLIST_KEY_UILaunchStoryboardName = LaunchScreen;
				INFOPLIST_KEY_UIMainStoryboardFile = Main;
				INFOPLIST_KEY_UISupportedInterfaceOrientations_iPad = "UIInterfaceOrientationPortrait UIInterfaceOrientationPortraitUpsideDown UIInterfaceOrientationLandscapeLeft UIInterfaceOrientationLandscapeRight";
				INFOPLIST_KEY_UISupportedInterfaceOrientations_iPhone = "UIInterfaceOrientationPortrait UIInterfaceOrientationLandscapeLeft UIInterfaceOrientationLandscapeRight";
				LD_RUNPATH_SEARCH_PATHS = (
					"$(inherited)",
					"@executable_path/Frameworks",
				);
				MARKETING_VERSION = 1.0;
				PRODUCT_BUNDLE_IDENTIFIER = com.mattandbeck.USFDining;
				PRODUCT_NAME = "$(TARGET_NAME)";
				SWIFT_EMIT_LOC_STRINGS = YES;
				SWIFT_VERSION = 5.0;
				TARGETED_DEVICE_FAMILY = "1,2";
			};
			name = Release;
		};
/* End XCBuildConfiguration section */

/* Begin XCConfigurationList section */
		3E4E576F27EF7E65004DD80C /* Build configuration list for PBXProject "USFDining" */ = {
			isa = XCConfigurationList;
			buildConfigurations = (
				3E4E578627EF7E66004DD80C /* Debug */,
				3E4E578727EF7E66004DD80C /* Release */,
			);
			defaultConfigurationIsVisible = 0;
			defaultConfigurationName = Release;
		};
		3E4E578827EF7E66004DD80C /* Build configuration list for PBXNativeTarget "USFDining" */ = {
			isa = XCConfigurationList;
			buildConfigurations = (
				3E4E578927EF7E66004DD80C /* Debug */,
				3E4E578A27EF7E66004DD80C /* Release */,
			);
			defaultConfigurationIsVisible = 0;
			defaultConfigurationName = Release;
		};
/* End XCConfigurationList section */
	};
	rootObject = 3E4E576C27EF7E65004DD80C /* Project object */;
}
